// !$*UTF8*$!
{
	archiveVersion = 1;
	classes = {
	};
	objectVersion = 56;
	objects = {

/* Begin PBXBuildFile section */
		27B956342B68B8F400CF9067 /* AppDelegate.swift in Sources */ = {isa = PBXBuildFile; fileRef = 27B956332B68B8F400CF9067 /* AppDelegate.swift */; };
		27B956362B68B8F400CF9067 /* SceneDelegate.swift in Sources */ = {isa = PBXBuildFile; fileRef = 27B956352B68B8F400CF9067 /* SceneDelegate.swift */; };
		27B9563B2B68B8F400CF9067 /* Main.storyboard in Resources */ = {isa = PBXBuildFile; fileRef = 27B956392B68B8F400CF9067 /* Main.storyboard */; };
		27B9563D2B68B8F500CF9067 /* Assets.xcassets in Resources */ = {isa = PBXBuildFile; fileRef = 27B9563C2B68B8F500CF9067 /* Assets.xcassets */; };
		27B956402B68B8F500CF9067 /* LaunchScreen.storyboard in Resources */ = {isa = PBXBuildFile; fileRef = 27B9563E2B68B8F500CF9067 /* LaunchScreen.storyboard */; };
		27B9564E2B68BBB200CF9067 /* CharacterViewController.swift in Sources */ = {isa = PBXBuildFile; fileRef = 27B9564D2B68BBB200CF9067 /* CharacterViewController.swift */; };
		27B956512B68BBD000CF9067 /* LocationViewController.swift in Sources */ = {isa = PBXBuildFile; fileRef = 27B956502B68BBD000CF9067 /* LocationViewController.swift */; };
		27B956532B68BBE100CF9067 /* EpisodesViewController.swift in Sources */ = {isa = PBXBuildFile; fileRef = 27B956522B68BBE100CF9067 /* EpisodesViewController.swift */; };
		27B956552B68BBFA00CF9067 /* SettingsViewController.swift in Sources */ = {isa = PBXBuildFile; fileRef = 27B956542B68BBFA00CF9067 /* SettingsViewController.swift */; };
/* End PBXBuildFile section */

/* Begin PBXFileReference section */
		27B956302B68B8F400CF9067 /* Ricky and Morty project.app */ = {isa = PBXFileReference; explicitFileType = wrapper.application; includeInIndex = 0; path = "Ricky and Morty project.app"; sourceTree = BUILT_PRODUCTS_DIR; };
		27B956332B68B8F400CF9067 /* AppDelegate.swift */ = {isa = PBXFileReference; lastKnownFileType = sourcecode.swift; path = AppDelegate.swift; sourceTree = "<group>"; };
		27B956352B68B8F400CF9067 /* SceneDelegate.swift */ = {isa = PBXFileReference; lastKnownFileType = sourcecode.swift; path = SceneDelegate.swift; sourceTree = "<group>"; };
		27B9563A2B68B8F400CF9067 /* Base */ = {isa = PBXFileReference; lastKnownFileType = file.storyboard; name = Base; path = Base.lproj/Main.storyboard; sourceTree = "<group>"; };
		27B9563C2B68B8F500CF9067 /* Assets.xcassets */ = {isa = PBXFileReference; lastKnownFileType = folder.assetcatalog; path = Assets.xcassets; sourceTree = "<group>"; };
		27B9563F2B68B8F500CF9067 /* Base */ = {isa = PBXFileReference; lastKnownFileType = file.storyboard; name = Base; path = Base.lproj/LaunchScreen.storyboard; sourceTree = "<group>"; };
		27B956412B68B8F500CF9067 /* Info.plist */ = {isa = PBXFileReference; lastKnownFileType = text.plist.xml; path = Info.plist; sourceTree = "<group>"; };
		27B9564D2B68BBB200CF9067 /* CharacterViewController.swift */ = {isa = PBXFileReference; lastKnownFileType = sourcecode.swift; path = CharacterViewController.swift; sourceTree = "<group>"; };
		27B956502B68BBD000CF9067 /* LocationViewController.swift */ = {isa = PBXFileReference; lastKnownFileType = sourcecode.swift; path = LocationViewController.swift; sourceTree = "<group>"; };
		27B956522B68BBE100CF9067 /* EpisodesViewController.swift */ = {isa = PBXFileReference; lastKnownFileType = sourcecode.swift; path = EpisodesViewController.swift; sourceTree = "<group>"; };
		27B956542B68BBFA00CF9067 /* SettingsViewController.swift */ = {isa = PBXFileReference; lastKnownFileType = sourcecode.swift; path = SettingsViewController.swift; sourceTree = "<group>"; };
/* End PBXFileReference section */

/* Begin PBXFrameworksBuildPhase section */
		27B9562D2B68B8F400CF9067 /* Frameworks */ = {
			isa = PBXFrameworksBuildPhase;
			buildActionMask = 2147483647;
			files = (
			);
			runOnlyForDeploymentPostprocessing = 0;
		};
/* End PBXFrameworksBuildPhase section */

/* Begin PBXGroup section */
		27B956272B68B8F400CF9067 = {
			isa = PBXGroup;
			children = (
				27B9564C2B68BA9400CF9067 /* controller */,
				27B9564B2B68B99900CF9067 /* resources */,
				27B9564A2B68B97A00CF9067 /* Manager */,
				27B956492B68B96700CF9067 /* View */,
				27B956482B68B93C00CF9067 /* ViewModel */,
				27B956472B68B90500CF9067 /* Model */,
				27B956322B68B8F400CF9067 /* Ricky and Morty project */,
				27B956312B68B8F400CF9067 /* Products */,
			);
			sourceTree = "<group>";
		};
		27B956312B68B8F400CF9067 /* Products */ = {
			isa = PBXGroup;
			children = (
				27B956302B68B8F400CF9067 /* Ricky and Morty project.app */,
			);
			name = Products;
			sourceTree = "<group>";
		};
		27B956322B68B8F400CF9067 /* Ricky and Morty project */ = {
			isa = PBXGroup;
			children = (
				27B956412B68B8F500CF9067 /* Info.plist */,
			);
			path = "Ricky and Morty project";
			sourceTree = "<group>";
		};
		27B956472B68B90500CF9067 /* Model */ = {
			isa = PBXGroup;
			children = (
			);
			path = Model;
			sourceTree = "<group>";
		};
		27B956482B68B93C00CF9067 /* ViewModel */ = {
			isa = PBXGroup;
			children = (
			);
			path = ViewModel;
			sourceTree = "<group>";
		};
		27B956492B68B96700CF9067 /* View */ = {
			isa = PBXGroup;
			children = (
				27B956392B68B8F400CF9067 /* Main.storyboard */,
				27B9563E2B68B8F500CF9067 /* LaunchScreen.storyboard */,
			);
			path = View;
			sourceTree = "<group>";
		};
		27B9564A2B68B97A00CF9067 /* Manager */ = {
			isa = PBXGroup;
			children = (
			);
			path = Manager;
			sourceTree = "<group>";
		};
		27B9564B2B68B99900CF9067 /* resources */ = {
			isa = PBXGroup;
			children = (
				27B956332B68B8F400CF9067 /* AppDelegate.swift */,
				27B956352B68B8F400CF9067 /* SceneDelegate.swift */,
				27B9563C2B68B8F500CF9067 /* Assets.xcassets */,
			);
			path = resources;
			sourceTree = "<group>";
		};
		27B9564C2B68BA9400CF9067 /* controller */ = {
			isa = PBXGroup;
			children = (
				27B956572B68BC6E00CF9067 /* others */,
				27B956562B68BC5600CF9067 /* CoreTabs */,
			);
			path = controller;
			sourceTree = "<group>";
		};
		27B956562B68BC5600CF9067 /* CoreTabs */ = {
			isa = PBXGroup;
			children = (
				27B9564D2B68BBB200CF9067 /* CharacterViewController.swift */,
				27B956502B68BBD000CF9067 /* LocationViewController.swift */,
				27B956522B68BBE100CF9067 /* EpisodesViewController.swift */,
				27B956542B68BBFA00CF9067 /* SettingsViewController.swift */,
			);
			path = CoreTabs;
			sourceTree = "<group>";
		};
		27B956572B68BC6E00CF9067 /* others */ = {
			isa = PBXGroup;
			children = (
			);
			path = others;
			sourceTree = "<group>";
		};
/* End PBXGroup section */

/* Begin PBXNativeTarget section */
		27B9562F2B68B8F400CF9067 /* Ricky and Morty project */ = {
			isa = PBXNativeTarget;
			buildConfigurationList = 27B956442B68B8F500CF9067 /* Build configuration list for PBXNativeTarget "Ricky and Morty project" */;
			buildPhases = (
				27B9562C2B68B8F400CF9067 /* Sources */,
				27B9562D2B68B8F400CF9067 /* Frameworks */,
				27B9562E2B68B8F400CF9067 /* Resources */,
			);
			buildRules = (
			);
			dependencies = (
			);
			name = "Ricky and Morty project";
			productName = "Ricky and Morty project";
			productReference = 27B956302B68B8F400CF9067 /* Ricky and Morty project.app */;
			productType = "com.apple.product-type.application";
		};
/* End PBXNativeTarget section */

/* Begin PBXProject section */
		27B956282B68B8F400CF9067 /* Project object */ = {
			isa = PBXProject;
			attributes = {
				BuildIndependentTargetsInParallel = 1;
				LastSwiftUpdateCheck = 1520;
				LastUpgradeCheck = 1520;
				TargetAttributes = {
					27B9562F2B68B8F400CF9067 = {
						CreatedOnToolsVersion = 15.2;
					};
				};
			};
			buildConfigurationList = 27B9562B2B68B8F400CF9067 /* Build configuration list for PBXProject "Ricky and Morty project" */;
			compatibilityVersion = "Xcode 14.0";
			developmentRegion = en;
			hasScannedForEncodings = 0;
			knownRegions = (
				en,
				Base,
			);
			mainGroup = 27B956272B68B8F400CF9067;
			productRefGroup = 27B956312B68B8F400CF9067 /* Products */;
			projectDirPath = "";
			projectRoot = "";
			targets = (
				27B9562F2B68B8F400CF9067 /* Ricky and Morty project */,
			);
		};
/* End PBXProject section */

/* Begin PBXResourcesBuildPhase section */
		27B9562E2B68B8F400CF9067 /* Resources */ = {
			isa = PBXResourcesBuildPhase;
			buildActionMask = 2147483647;
			files = (
				27B956402B68B8F500CF9067 /* LaunchScreen.storyboard in Resources */,
				27B9563D2B68B8F500CF9067 /* Assets.xcassets in Resources */,
				27B9563B2B68B8F400CF9067 /* Main.storyboard in Resources */,
			);
			runOnlyForDeploymentPostprocessing = 0;
		};
/* End PBXResourcesBuildPhase section */

/* Begin PBXSourcesBuildPhase section */
		27B9562C2B68B8F400CF9067 /* Sources */ = {
			isa = PBXSourcesBuildPhase;
			buildActionMask = 2147483647;
			files = (
				27B956532B68BBE100CF9067 /* EpisodesViewController.swift in Sources */,
				27B956512B68BBD000CF9067 /* LocationViewController.swift in Sources */,
				27B956552B68BBFA00CF9067 /* SettingsViewController.swift in Sources */,
				27B9564E2B68BBB200CF9067 /* CharacterViewController.swift in Sources */,
				27B956342B68B8F400CF9067 /* AppDelegate.swift in Sources */,
				27B956362B68B8F400CF9067 /* SceneDelegate.swift in Sources */,
			);
			runOnlyForDeploymentPostprocessing = 0;
		};
/* End PBXSourcesBuildPhase section */

/* Begin PBXVariantGroup section */
		27B956392B68B8F400CF9067 /* Main.storyboard */ = {
			isa = PBXVariantGroup;
			children = (
				27B9563A2B68B8F400CF9067 /* Base */,
			);
			name = Main.storyboard;
			sourceTree = "<group>";
		};
		27B9563E2B68B8F500CF9067 /* LaunchScreen.storyboard */ = {
			isa = PBXVariantGroup;
			children = (
				27B9563F2B68B8F500CF9067 /* Base */,
			);
			name = LaunchScreen.storyboard;
			sourceTree = "<group>";
		};
/* End PBXVariantGroup section */

/* Begin XCBuildConfiguration section */
		27B956422B68B8F500CF9067 /* Debug */ = {
			isa = XCBuildConfiguration;
			buildSettings = {
				ALWAYS_SEARCH_USER_PATHS = NO;
				ASSETCATALOG_COMPILER_GENERATE_SWIFT_ASSET_SYMBOL_EXTENSIONS = YES;
				CLANG_ANALYZER_NONNULL = YES;
				CLANG_ANALYZER_NUMBER_OBJECT_CONVERSION = YES_AGGRESSIVE;
				CLANG_CXX_LANGUAGE_STANDARD = "gnu++20";
				CLANG_ENABLE_MODULES = YES;
				CLANG_ENABLE_OBJC_ARC = YES;
				CLANG_ENABLE_OBJC_WEAK = YES;
				CLANG_WARN_BLOCK_CAPTURE_AUTORELEASING = YES;
				CLANG_WARN_BOOL_CONVERSION = YES;
				CLANG_WARN_COMMA = YES;
				CLANG_WARN_CONSTANT_CONVERSION = YES;
				CLANG_WARN_DEPRECATED_OBJC_IMPLEMENTATIONS = YES;
				CLANG_WARN_DIRECT_OBJC_ISA_USAGE = YES_ERROR;
				CLANG_WARN_DOCUMENTATION_COMMENTS = YES;
				CLANG_WARN_EMPTY_BODY = YES;
				CLANG_WARN_ENUM_CONVERSION = YES;
				CLANG_WARN_INFINITE_RECURSION = YES;
				CLANG_WARN_INT_CONVERSION = YES;
				CLANG_WARN_NON_LITERAL_NULL_CONVERSION = YES;
				CLANG_WARN_OBJC_IMPLICIT_RETAIN_SELF = YES;
				CLANG_WARN_OBJC_LITERAL_CONVERSION = YES;
				CLANG_WARN_OBJC_ROOT_CLASS = YES_ERROR;
				CLANG_WARN_QUOTED_INCLUDE_IN_FRAMEWORK_HEADER = YES;
				CLANG_WARN_RANGE_LOOP_ANALYSIS = YES;
				CLANG_WARN_STRICT_PROTOTYPES = YES;
				CLANG_WARN_SUSPICIOUS_MOVE = YES;
				CLANG_WARN_UNGUARDED_AVAILABILITY = YES_AGGRESSIVE;
				CLANG_WARN_UNREACHABLE_CODE = YES;
				CLANG_WARN__DUPLICATE_METHOD_MATCH = YES;
				COPY_PHASE_STRIP = NO;
				DEBUG_INFORMATION_FORMAT = dwarf;
				ENABLE_STRICT_OBJC_MSGSEND = YES;
				ENABLE_TESTABILITY = YES;
				ENABLE_USER_SCRIPT_SANDBOXING = YES;
				GCC_C_LANGUAGE_STANDARD = gnu17;
				GCC_DYNAMIC_NO_PIC = NO;
				GCC_NO_COMMON_BLOCKS = YES;
				GCC_OPTIMIZATION_LEVEL = 0;
				GCC_PREPROCESSOR_DEFINITIONS = (
					"DEBUG=1",
					"$(inherited)",
				);
				GCC_WARN_64_TO_32_BIT_CONVERSION = YES;
				GCC_WARN_ABOUT_RETURN_TYPE = YES_ERROR;
				GCC_WARN_UNDECLARED_SELECTOR = YES;
				GCC_WARN_UNINITIALIZED_AUTOS = YES_AGGRESSIVE;
				GCC_WARN_UNUSED_FUNCTION = YES;
				GCC_WARN_UNUSED_VARIABLE = YES;
				IPHONEOS_DEPLOYMENT_TARGET = 17.2;
				LOCALIZATION_PREFERS_STRING_CATALOGS = YES;
				MTL_ENABLE_DEBUG_INFO = INCLUDE_SOURCE;
				MTL_FAST_MATH = YES;
				ONLY_ACTIVE_ARCH = YES;
				SDKROOT = iphoneos;
				SWIFT_ACTIVE_COMPILATION_CONDITIONS = "DEBUG $(inherited)";
				SWIFT_OPTIMIZATION_LEVEL = "-Onone";
			};
			name = Debug;
		};
		27B956432B68B8F500CF9067 /* Release */ = {
			isa = XCBuildConfiguration;
			buildSettings = {
				ALWAYS_SEARCH_USER_PATHS = NO;
				ASSETCATALOG_COMPILER_GENERATE_SWIFT_ASSET_SYMBOL_EXTENSIONS = YES;
				CLANG_ANALYZER_NONNULL = YES;
				CLANG_ANALYZER_NUMBER_OBJECT_CONVERSION = YES_AGGRESSIVE;
				CLANG_CXX_LANGUAGE_STANDARD = "gnu++20";
				CLANG_ENABLE_MODULES = YES;
				CLANG_ENABLE_OBJC_ARC = YES;
				CLANG_ENABLE_OBJC_WEAK = YES;
				CLANG_WARN_BLOCK_CAPTURE_AUTORELEASING = YES;
				CLANG_WARN_BOOL_CONVERSION = YES;
				CLANG_WARN_COMMA = YES;
				CLANG_WARN_CONSTANT_CONVERSION = YES;
				CLANG_WARN_DEPRECATED_OBJC_IMPLEMENTATIONS = YES;
				CLANG_WARN_DIRECT_OBJC_ISA_USAGE = YES_ERROR;
				CLANG_WARN_DOCUMENTATION_COMMENTS = YES;
				CLANG_WARN_EMPTY_BODY = YES;
				CLANG_WARN_ENUM_CONVERSION = YES;
				CLANG_WARN_INFINITE_RECURSION = YES;
				CLANG_WARN_INT_CONVERSION = YES;
				CLANG_WARN_NON_LITERAL_NULL_CONVERSION = YES;
				CLANG_WARN_OBJC_IMPLICIT_RETAIN_SELF = YES;
				CLANG_WARN_OBJC_LITERAL_CONVERSION = YES;
				CLANG_WARN_OBJC_ROOT_CLASS = YES_ERROR;
				CLANG_WARN_QUOTED_INCLUDE_IN_FRAMEWORK_HEADER = YES;
				CLANG_WARN_RANGE_LOOP_ANALYSIS = YES;
				CLANG_WARN_STRICT_PROTOTYPES = YES;
				CLANG_WARN_SUSPICIOUS_MOVE = YES;
				CLANG_WARN_UNGUARDED_AVAILABILITY = YES_AGGRESSIVE;
				CLANG_WARN_UNREACHABLE_CODE = YES;
				CLANG_WARN__DUPLICATE_METHOD_MATCH = YES;
				COPY_PHASE_STRIP = NO;
				DEBUG_INFORMATION_FORMAT = "dwarf-with-dsym";
				ENABLE_NS_ASSERTIONS = NO;
				ENABLE_STRICT_OBJC_MSGSEND = YES;
				ENABLE_USER_SCRIPT_SANDBOXING = YES;
				GCC_C_LANGUAGE_STANDARD = gnu17;
				GCC_NO_COMMON_BLOCKS = YES;
				GCC_WARN_64_TO_32_BIT_CONVERSION = YES;
				GCC_WARN_ABOUT_RETURN_TYPE = YES_ERROR;
				GCC_WARN_UNDECLARED_SELECTOR = YES;
				GCC_WARN_UNINITIALIZED_AUTOS = YES_AGGRESSIVE;
				GCC_WARN_UNUSED_FUNCTION = YES;
				GCC_WARN_UNUSED_VARIABLE = YES;
				IPHONEOS_DEPLOYMENT_TARGET = 17.2;
				LOCALIZATION_PREFERS_STRING_CATALOGS = YES;
				MTL_ENABLE_DEBUG_INFO = NO;
				MTL_FAST_MATH = YES;
				SDKROOT = iphoneos;
				SWIFT_COMPILATION_MODE = wholemodule;
				VALIDATE_PRODUCT = YES;
			};
			name = Release;
		};
		27B956452B68B8F500CF9067 /* Debug */ = {
			isa = XCBuildConfiguration;
			buildSettings = {
				ASSETCATALOG_COMPILER_APPICON_NAME = AppIcon;
				ASSETCATALOG_COMPILER_GLOBAL_ACCENT_COLOR_NAME = AccentColor;
				CODE_SIGN_STYLE = Automatic;
				CURRENT_PROJECT_VERSION = 1;
				DEVELOPMENT_TEAM = JT8K386YMU;
				GENERATE_INFOPLIST_FILE = YES;
				INFOPLIST_FILE = "Ricky and Morty project/Info.plist";
				INFOPLIST_KEY_UIApplicationSupportsIndirectInputEvents = YES;
				INFOPLIST_KEY_UILaunchStoryboardName = LaunchScreen;
				INFOPLIST_KEY_UIMainStoryboardFile = Main;
				INFOPLIST_KEY_UISupportedInterfaceOrientations_iPad = "UIInterfaceOrientationPortrait UIInterfaceOrientationPortraitUpsideDown UIInterfaceOrientationLandscapeLeft UIInterfaceOrientationLandscapeRight";
				INFOPLIST_KEY_UISupportedInterfaceOrientations_iPhone = "UIInterfaceOrientationPortrait UIInterfaceOrientationLandscapeLeft UIInterfaceOrientationLandscapeRight";
				LD_RUNPATH_SEARCH_PATHS = (
					"$(inherited)",
					"@executable_path/Frameworks",
				);
				MARKETING_VERSION = 1.0;
				PRODUCT_BUNDLE_IDENTIFIER = "com.ankita.Ricky-and-Morty-project";
				PRODUCT_NAME = "$(TARGET_NAME)";
				SWIFT_EMIT_LOC_STRINGS = YES;
				SWIFT_VERSION = 5.0;
				TARGETED_DEVICE_FAMILY = "1,2";
			};
			name = Debug;
		};
		27B956462B68B8F500CF9067 /* Release */ = {
			isa = XCBuildConfiguration;
			buildSettings = {
				ASSETCATALOG_COMPILER_APPICON_NAME = AppIcon;
				ASSETCATALOG_COMPILER_GLOBAL_ACCENT_COLOR_NAME = AccentColor;
				CODE_SIGN_STYLE = Automatic;
				CURRENT_PROJECT_VERSION = 1;
				DEVELOPMENT_TEAM = JT8K386YMU;
				GENERATE_INFOPLIST_FILE = YES;
				INFOPLIST_FILE = "Ricky and Morty project/Info.plist";
				INFOPLIST_KEY_UIApplicationSupportsIndirectInputEvents = YES;
				INFOPLIST_KEY_UILaunchStoryboardName = LaunchScreen;
				INFOPLIST_KEY_UIMainStoryboardFile = Main;
				INFOPLIST_KEY_UISupportedInterfaceOrientations_iPad = "UIInterfaceOrientationPortrait UIInterfaceOrientationPortraitUpsideDown UIInterfaceOrientationLandscapeLeft UIInterfaceOrientationLandscapeRight";
				INFOPLIST_KEY_UISupportedInterfaceOrientations_iPhone = "UIInterfaceOrientationPortrait UIInterfaceOrientationLandscapeLeft UIInterfaceOrientationLandscapeRight";
				LD_RUNPATH_SEARCH_PATHS = (
					"$(inherited)",
					"@executable_path/Frameworks",
				);
				MARKETING_VERSION = 1.0;
				PRODUCT_BUNDLE_IDENTIFIER = "com.ankita.Ricky-and-Morty-project";
				PRODUCT_NAME = "$(TARGET_NAME)";
				SWIFT_EMIT_LOC_STRINGS = YES;
				SWIFT_VERSION = 5.0;
				TARGETED_DEVICE_FAMILY = "1,2";
			};
			name = Release;
		};
/* End XCBuildConfiguration section */

/* Begin XCConfigurationList section */
		27B9562B2B68B8F400CF9067 /* Build configuration list for PBXProject "Ricky and Morty project" */ = {
			isa = XCConfigurationList;
			buildConfigurations = (
				27B956422B68B8F500CF9067 /* Debug */,
				27B956432B68B8F500CF9067 /* Release */,
			);
			defaultConfigurationIsVisible = 0;
			defaultConfigurationName = Release;
		};
		27B956442B68B8F500CF9067 /* Build configuration list for PBXNativeTarget "Ricky and Morty project" */ = {
			isa = XCConfigurationList;
			buildConfigurations = (
				27B956452B68B8F500CF9067 /* Debug */,
				27B956462B68B8F500CF9067 /* Release */,
			);
			defaultConfigurationIsVisible = 0;
			defaultConfigurationName = Release;
		};
/* End XCConfigurationList section */
	};
	rootObject = 27B956282B68B8F400CF9067 /* Project object */;
}
